
Microsoft Visual Studio Solution File, Format Version 12.00
# Visual Studio Version 16
VisualStudioVersion = 16.0.31624.102
MinimumVisualStudioVersion = 10.0.40219.1
Project("{9A19103F-16F7-4668-BE54-9A1E7A4F7556}") = "GrundlagenSchleifen", "GrundlagenSchleifen\GrundlagenSchleifen.csproj", "{AF57F49E-7380-4301-86B4-72FD4653B686}"
EndProject
Project("{9A19103F-16F7-4668-BE54-9A1E7A4F7556}") = "Aufgabe 1", "Aufgabe 1\Aufgabe 1.csproj", "{0E924F24-B2DC-421B-91E8-F635D9F9BE9E}"
EndProject
Project("{9A19103F-16F7-4668-BE54-9A1E7A4F7556}") = "Aufgabe 2", "Aufgabe 2\Aufgabe 2.csproj", "{2B6E7622-7F7A-4756-9AD0-1080CD4378BA}"
EndProject
Project("{9A19103F-16F7-4668-BE54-9A1E7A4F7556}") = "Aufgabe 3", "Aufgabe 3\Aufgabe 3.csproj", "{7B06FD15-F3C5-41EA-AFC4-D22B2F1DD843}"
EndProject
Project("{9A19103F-16F7-4668-BE54-9A1E7A4F7556}") = "Aufgabe 4", "Aufgabe 4\Aufgabe 4.csproj", "{3523C968-38A8-4D77-9B37-A84402FCA84F}"
EndProject
Project("{9A19103F-16F7-4668-BE54-9A1E7A4F7556}") = "Aufgabe 5", "Aufgabe 5\Aufgabe 5.csproj", "{84555EEE-DC0E-4DB5-A919-21C537E42304}"
EndProject
Project("{9A19103F-16F7-4668-BE54-9A1E7A4F7556}") = "Aufgabe 6", "Aufgabe 6\Aufgabe 6.csproj", "{81A51EA1-78FA-42D5-A562-19154E3F90F9}"
EndProject
Project("{FAE04EC0-301F-11D3-BF4B-00C04F79EFBC}") = "Aufgabe 7", "Aufgabe 7\Aufgabe 7.csproj", "{A9CB954F-F5AE-4967-A2E6-F9A9BAA27456}"
EndProject
Project("{FAE04EC0-301F-11D3-BF4B-00C04F79EFBC}") = "Aufgabe 8", "Aufgabe 8\Aufgabe 8.csproj", "{5EAB39EF-D393-4C5B-8BE9-E3A1A3361520}"
EndProject
Project("{FAE04EC0-301F-11D3-BF4B-00C04F79EFBC}") = "Aufgabe 9", "Aufgabe 9\Aufgabe 9.csproj", "{81FB3881-98BD-4863-87BA-A1F7625879D8}"
EndProject
Project("{FAE04EC0-301F-11D3-BF4B-00C04F79EFBC}") = "Aufgabe 10", "Aufgabe 10\Aufgabe 10.csproj", "{F12730B2-F05D-4E23-B4F3-2C3447E2289B}"
EndProject
Global
	GlobalSection(SolutionConfigurationPlatforms) = preSolution
		Debug|Any CPU = Debug|Any CPU
		Release|Any CPU = Release|Any CPU
	EndGlobalSection
	GlobalSection(ProjectConfigurationPlatforms) = postSolution
		{AF57F49E-7380-4301-86B4-72FD4653B686}.Debug|Any CPU.ActiveCfg = Debug|Any CPU
		{AF57F49E-7380-4301-86B4-72FD4653B686}.Debug|Any CPU.Build.0 = Debug|Any CPU
		{AF57F49E-7380-4301-86B4-72FD4653B686}.Release|Any CPU.ActiveCfg = Release|Any CPU
		{AF57F49E-7380-4301-86B4-72FD4653B686}.Release|Any CPU.Build.0 = Release|Any CPU
		{0E924F24-B2DC-421B-91E8-F635D9F9BE9E}.Debug|Any CPU.ActiveCfg = Debug|Any CPU
		{0E924F24-B2DC-421B-91E8-F635D9F9BE9E}.Debug|Any CPU.Build.0 = Debug|Any CPU
		{0E924F24-B2DC-421B-91E8-F635D9F9BE9E}.Release|Any CPU.ActiveCfg = Release|Any CPU
		{0E924F24-B2DC-421B-91E8-F635D9F9BE9E}.Release|Any CPU.Build.0 = Release|Any CPU
		{2B6E7622-7F7A-4756-9AD0-1080CD4378BA}.Debug|Any CPU.ActiveCfg = Debug|Any CPU
		{2B6E7622-7F7A-4756-9AD0-1080CD4378BA}.Debug|Any CPU.Build.0 = Debug|Any CPU
		{2B6E7622-7F7A-4756-9AD0-1080CD4378BA}.Release|Any CPU.ActiveCfg = Release|Any CPU
		{2B6E7622-7F7A-4756-9AD0-1080CD4378BA}.Release|Any CPU.Build.0 = Release|Any CPU
		{7B06FD15-F3C5-41EA-AFC4-D22B2F1DD843}.Debug|Any CPU.ActiveCfg = Debug|Any CPU
		{7B06FD15-F3C5-41EA-AFC4-D22B2F1DD843}.Debug|Any CPU.Build.0 = Debug|Any CPU
		{7B06FD15-F3C5-41EA-AFC4-D22B2F1DD843}.Release|Any CPU.ActiveCfg = Release|Any CPU
		{7B06FD15-F3C5-41EA-AFC4-D22B2F1DD843}.Release|Any CPU.Build.0 = Release|Any CPU
		{3523C968-38A8-4D77-9B37-A84402FCA84F}.Debug|Any CPU.ActiveCfg = Debug|Any CPU
		{3523C968-38A8-4D77-9B37-A84402FCA84F}.Debug|Any CPU.Build.0 = Debug|Any CPU
		{3523C968-38A8-4D77-9B37-A84402FCA84F}.Release|Any CPU.ActiveCfg = Release|Any CPU
		{3523C968-38A8-4D77-9B37-A84402FCA84F}.Release|Any CPU.Build.0 = Release|Any CPU
		{84555EEE-DC0E-4DB5-A919-21C537E42304}.Debug|Any CPU.ActiveCfg = Debug|Any CPU
		{84555EEE-DC0E-4DB5-A919-21C537E42304}.Debug|Any CPU.Build.0 = Debug|Any CPU
		{84555EEE-DC0E-4DB5-A919-21C537E42304}.Release|Any CPU.ActiveCfg = Release|Any CPU
		{84555EEE-DC0E-4DB5-A919-21C537E42304}.Release|Any CPU.Build.0 = Release|Any CPU
		{81A51EA1-78FA-42D5-A562-19154E3F90F9}.Debug|Any CPU.ActiveCfg = Debug|Any CPU
		{81A51EA1-78FA-42D5-A562-19154E3F90F9}.Debug|Any CPU.Build.0 = Debug|Any CPU
		{81A51EA1-78FA-42D5-A562-19154E3F90F9}.Release|Any CPU.ActiveCfg = Release|Any CPU
		{81A51EA1-78FA-42D5-A562-19154E3F90F9}.Release|Any CPU.Build.0 = Release|Any CPU
		{A9CB954F-F5AE-4967-A2E6-F9A9BAA27456}.Debug|Any CPU.ActiveCfg = Debug|Any CPU
		{A9CB954F-F5AE-4967-A2E6-F9A9BAA27456}.Debug|Any CPU.Build.0 = Debug|Any CPU
		{A9CB954F-F5AE-4967-A2E6-F9A9BAA27456}.Release|Any CPU.ActiveCfg = Release|Any CPU
		{A9CB954F-F5AE-4967-A2E6-F9A9BAA27456}.Release|Any CPU.Build.0 = Release|Any CPU
		{5EAB39EF-D393-4C5B-8BE9-E3A1A3361520}.Debug|Any CPU.ActiveCfg = Debug|Any CPU
		{5EAB39EF-D393-4C5B-8BE9-E3A1A3361520}.Debug|Any CPU.Build.0 = Debug|Any CPU
		{5EAB39EF-D393-4C5B-8BE9-E3A1A3361520}.Release|Any CPU.ActiveCfg = Release|Any CPU
		{5EAB39EF-D393-4C5B-8BE9-E3A1A3361520}.Release|Any CPU.Build.0 = Release|Any CPU
		{81FB3881-98BD-4863-87BA-A1F7625879D8}.Debug|Any CPU.ActiveCfg = Debug|Any CPU
		{81FB3881-98BD-4863-87BA-A1F7625879D8}.Debug|Any CPU.Build.0 = Debug|Any CPU
		{81FB3881-98BD-4863-87BA-A1F7625879D8}.Release|Any CPU.ActiveCfg = Release|Any CPU
		{81FB3881-98BD-4863-87BA-A1F7625879D8}.Release|Any CPU.Build.0 = Release|Any CPU
		{F12730B2-F05D-4E23-B4F3-2C3447E2289B}.Debug|Any CPU.ActiveCfg = Debug|Any CPU
		{F12730B2-F05D-4E23-B4F3-2C3447E2289B}.Debug|Any CPU.Build.0 = Debug|Any CPU
		{F12730B2-F05D-4E23-B4F3-2C3447E2289B}.Release|Any CPU.ActiveCfg = Release|Any CPU
		{F12730B2-F05D-4E23-B4F3-2C3447E2289B}.Release|Any CPU.Build.0 = Release|Any CPU
	EndGlobalSection
	GlobalSection(SolutionProperties) = preSolution
		HideSolutionNode = FALSE
	EndGlobalSection
	GlobalSection(ExtensibilityGlobals) = postSolution
		SolutionGuid = {00256CAC-0896-48BA-AFE0-27F66DCC2EEA}
	EndGlobalSection
EndGlobal
